// !$*UTF8*$!
{
	archiveVersion = 1;
	classes = {
	};
	objectVersion = 56;
	objects = {

/* Begin PBXBuildFile section */
		76FCB6892B0E780800D1F2D1 /* AppDelegate.swift in Sources */ = {isa = PBXBuildFile; fileRef = 76FCB6882B0E780800D1F2D1 /* AppDelegate.swift */; };
		76FCB68B2B0E780800D1F2D1 /* SceneDelegate.swift in Sources */ = {isa = PBXBuildFile; fileRef = 76FCB68A2B0E780800D1F2D1 /* SceneDelegate.swift */; };
		76FCB68D2B0E780800D1F2D1 /* ViewController.swift in Sources */ = {isa = PBXBuildFile; fileRef = 76FCB68C2B0E780800D1F2D1 /* ViewController.swift */; };
		76FCB6902B0E780800D1F2D1 /* Main.storyboard in Resources */ = {isa = PBXBuildFile; fileRef = 76FCB68E2B0E780800D1F2D1 /* Main.storyboard */; };
		76FCB6922B0E780900D1F2D1 /* Assets.xcassets in Resources */ = {isa = PBXBuildFile; fileRef = 76FCB6912B0E780900D1F2D1 /* Assets.xcassets */; };
		76FCB6952B0E780900D1F2D1 /* LaunchScreen.storyboard in Resources */ = {isa = PBXBuildFile; fileRef = 76FCB6932B0E780900D1F2D1 /* LaunchScreen.storyboard */; };
		76FCB6A02B0E780900D1F2D1 /* RickAndMortyTests.swift in Sources */ = {isa = PBXBuildFile; fileRef = 76FCB69F2B0E780900D1F2D1 /* RickAndMortyTests.swift */; };
		76FCB6AA2B0E780900D1F2D1 /* RickAndMortyUITests.swift in Sources */ = {isa = PBXBuildFile; fileRef = 76FCB6A92B0E780900D1F2D1 /* RickAndMortyUITests.swift */; };
		76FCB6AC2B0E780900D1F2D1 /* RickAndMortyUITestsLaunchTests.swift in Sources */ = {isa = PBXBuildFile; fileRef = 76FCB6AB2B0E780900D1F2D1 /* RickAndMortyUITestsLaunchTests.swift */; };
		76FCB6BB2B0E870400D1F2D1 /* cardCollectionCellCollectionViewCell.swift in Sources */ = {isa = PBXBuildFile; fileRef = 76FCB6BA2B0E870400D1F2D1 /* cardCollectionCellCollectionViewCell.swift */; };
		76FCB6BD2B0E8F1100D1F2D1 /* CharacterModel.swift in Sources */ = {isa = PBXBuildFile; fileRef = 76FCB6BC2B0E8F1100D1F2D1 /* CharacterModel.swift */; };
		76FCB6C62B13A29000D1F2D1 /* rickAndMortyBackground.jpg in Resources */ = {isa = PBXBuildFile; fileRef = 76FCB6C52B13A29000D1F2D1 /* rickAndMortyBackground.jpg */; };
		76FCB6CA2B13AA3C00D1F2D1 /* get_schwifty.ttf in Resources */ = {isa = PBXBuildFile; fileRef = 76FCB6C92B13AA3C00D1F2D1 /* get_schwifty.ttf */; };
		76FCB6CD2B13D8F700D1F2D1 /* Kingfisher.xcframework in Frameworks */ = {isa = PBXBuildFile; fileRef = 76FCB6CC2B13D8F700D1F2D1 /* Kingfisher.xcframework */; };
		76FCB6CE2B13D8F700D1F2D1 /* Kingfisher.xcframework in Embed Frameworks */ = {isa = PBXBuildFile; fileRef = 76FCB6CC2B13D8F700D1F2D1 /* Kingfisher.xcframework */; settings = {ATTRIBUTES = (CodeSignOnCopy, RemoveHeadersOnCopy, ); }; };
/* End PBXBuildFile section */

/* Begin PBXContainerItemProxy section */
		76FCB69C2B0E780900D1F2D1 /* PBXContainerItemProxy */ = {
			isa = PBXContainerItemProxy;
			containerPortal = 76FCB67D2B0E780800D1F2D1 /* Project object */;
			proxyType = 1;
			remoteGlobalIDString = 76FCB6842B0E780800D1F2D1;
			remoteInfo = RickAndMorty;
		};
		76FCB6A62B0E780900D1F2D1 /* PBXContainerItemProxy */ = {
			isa = PBXContainerItemProxy;
			containerPortal = 76FCB67D2B0E780800D1F2D1 /* Project object */;
			proxyType = 1;
			remoteGlobalIDString = 76FCB6842B0E780800D1F2D1;
			remoteInfo = RickAndMorty;
		};
/* End PBXContainerItemProxy section */

/* Begin PBXCopyFilesBuildPhase section */
		76FCB6CF2B13D8F700D1F2D1 /* Embed Frameworks */ = {
			isa = PBXCopyFilesBuildPhase;
			buildActionMask = 2147483647;
			dstPath = "";
			dstSubfolderSpec = 10;
			files = (
				76FCB6CE2B13D8F700D1F2D1 /* Kingfisher.xcframework in Embed Frameworks */,
			);
			name = "Embed Frameworks";
			runOnlyForDeploymentPostprocessing = 0;
		};
/* End PBXCopyFilesBuildPhase section */

/* Begin PBXFileReference section */
		76FCB6852B0E780800D1F2D1 /* RickAndMorty.app */ = {isa = PBXFileReference; explicitFileType = wrapper.application; includeInIndex = 0; path = RickAndMorty.app; sourceTree = BUILT_PRODUCTS_DIR; };
		76FCB6882B0E780800D1F2D1 /* AppDelegate.swift */ = {isa = PBXFileReference; lastKnownFileType = sourcecode.swift; path = AppDelegate.swift; sourceTree = "<group>"; };
		76FCB68A2B0E780800D1F2D1 /* SceneDelegate.swift */ = {isa = PBXFileReference; lastKnownFileType = sourcecode.swift; path = SceneDelegate.swift; sourceTree = "<group>"; };
		76FCB68C2B0E780800D1F2D1 /* ViewController.swift */ = {isa = PBXFileReference; lastKnownFileType = sourcecode.swift; path = ViewController.swift; sourceTree = "<group>"; };
		76FCB68F2B0E780800D1F2D1 /* Base */ = {isa = PBXFileReference; lastKnownFileType = file.storyboard; name = Base; path = Base.lproj/Main.storyboard; sourceTree = "<group>"; };
		76FCB6912B0E780900D1F2D1 /* Assets.xcassets */ = {isa = PBXFileReference; lastKnownFileType = folder.assetcatalog; path = Assets.xcassets; sourceTree = "<group>"; };
		76FCB6942B0E780900D1F2D1 /* Base */ = {isa = PBXFileReference; lastKnownFileType = file.storyboard; name = Base; path = Base.lproj/LaunchScreen.storyboard; sourceTree = "<group>"; };
		76FCB6962B0E780900D1F2D1 /* Info.plist */ = {isa = PBXFileReference; lastKnownFileType = text.plist.xml; path = Info.plist; sourceTree = "<group>"; };
		76FCB69B2B0E780900D1F2D1 /* RickAndMortyTests.xctest */ = {isa = PBXFileReference; explicitFileType = wrapper.cfbundle; includeInIndex = 0; path = RickAndMortyTests.xctest; sourceTree = BUILT_PRODUCTS_DIR; };
		76FCB69F2B0E780900D1F2D1 /* RickAndMortyTests.swift */ = {isa = PBXFileReference; lastKnownFileType = sourcecode.swift; path = RickAndMortyTests.swift; sourceTree = "<group>"; };
		76FCB6A52B0E780900D1F2D1 /* RickAndMortyUITests.xctest */ = {isa = PBXFileReference; explicitFileType = wrapper.cfbundle; includeInIndex = 0; path = RickAndMortyUITests.xctest; sourceTree = BUILT_PRODUCTS_DIR; };
		76FCB6A92B0E780900D1F2D1 /* RickAndMortyUITests.swift */ = {isa = PBXFileReference; lastKnownFileType = sourcecode.swift; path = RickAndMortyUITests.swift; sourceTree = "<group>"; };
		76FCB6AB2B0E780900D1F2D1 /* RickAndMortyUITestsLaunchTests.swift */ = {isa = PBXFileReference; lastKnownFileType = sourcecode.swift; path = RickAndMortyUITestsLaunchTests.swift; sourceTree = "<group>"; };
		76FCB6BA2B0E870400D1F2D1 /* cardCollectionCellCollectionViewCell.swift */ = {isa = PBXFileReference; lastKnownFileType = sourcecode.swift; path = cardCollectionCellCollectionViewCell.swift; sourceTree = "<group>"; };
		76FCB6BC2B0E8F1100D1F2D1 /* CharacterModel.swift */ = {isa = PBXFileReference; lastKnownFileType = sourcecode.swift; path = CharacterModel.swift; sourceTree = "<group>"; };
		76FCB6C52B13A29000D1F2D1 /* rickAndMortyBackground.jpg */ = {isa = PBXFileReference; lastKnownFileType = image.jpeg; path = rickAndMortyBackground.jpg; sourceTree = "<group>"; };
		76FCB6C92B13AA3C00D1F2D1 /* get_schwifty.ttf */ = {isa = PBXFileReference; lastKnownFileType = file; path = get_schwifty.ttf; sourceTree = SOURCE_ROOT; };
		76FCB6CC2B13D8F700D1F2D1 /* Kingfisher.xcframework */ = {isa = PBXFileReference; lastKnownFileType = wrapper.xcframework; name = Kingfisher.xcframework; path = Carthage/Build/Kingfisher.xcframework; sourceTree = "<group>"; };
/* End PBXFileReference section */

/* Begin PBXFrameworksBuildPhase section */
		76FCB6822B0E780800D1F2D1 /* Frameworks */ = {
			isa = PBXFrameworksBuildPhase;
			buildActionMask = 2147483647;
			files = (
				76FCB6CD2B13D8F700D1F2D1 /* Kingfisher.xcframework in Frameworks */,
			);
			runOnlyForDeploymentPostprocessing = 0;
		};
		76FCB6982B0E780900D1F2D1 /* Frameworks */ = {
			isa = PBXFrameworksBuildPhase;
			buildActionMask = 2147483647;
			files = (
			);
			runOnlyForDeploymentPostprocessing = 0;
		};
		76FCB6A22B0E780900D1F2D1 /* Frameworks */ = {
			isa = PBXFrameworksBuildPhase;
			buildActionMask = 2147483647;
			files = (
			);
			runOnlyForDeploymentPostprocessing = 0;
		};
/* End PBXFrameworksBuildPhase section */

/* Begin PBXGroup section */
		76FCB67C2B0E780800D1F2D1 = {
			isa = PBXGroup;
			children = (
				76FCB6872B0E780800D1F2D1 /* RickAndMorty */,
				76FCB69E2B0E780900D1F2D1 /* RickAndMortyTests */,
				76FCB6A82B0E780900D1F2D1 /* RickAndMortyUITests */,
				76FCB6862B0E780800D1F2D1 /* Products */,
				76FCB6CB2B13D8F700D1F2D1 /* Frameworks */,
			);
			sourceTree = "<group>";
		};
		76FCB6862B0E780800D1F2D1 /* Products */ = {
			isa = PBXGroup;
			children = (
				76FCB6852B0E780800D1F2D1 /* RickAndMorty.app */,
				76FCB69B2B0E780900D1F2D1 /* RickAndMortyTests.xctest */,
				76FCB6A52B0E780900D1F2D1 /* RickAndMortyUITests.xctest */,
			);
			name = Products;
			sourceTree = "<group>";
		};
		76FCB6872B0E780800D1F2D1 /* RickAndMorty */ = {
			isa = PBXGroup;
			children = (
				76FCB6C72B13A55F00D1F2D1 /* Fonts */,
				76FCB6C42B13A28200D1F2D1 /* Images */,
				76FCB6882B0E780800D1F2D1 /* AppDelegate.swift */,
				76FCB68A2B0E780800D1F2D1 /* SceneDelegate.swift */,
				76FCB68C2B0E780800D1F2D1 /* ViewController.swift */,
				76FCB68E2B0E780800D1F2D1 /* Main.storyboard */,
				76FCB6912B0E780900D1F2D1 /* Assets.xcassets */,
				76FCB6932B0E780900D1F2D1 /* LaunchScreen.storyboard */,
				76FCB6962B0E780900D1F2D1 /* Info.plist */,
				76FCB6BA2B0E870400D1F2D1 /* cardCollectionCellCollectionViewCell.swift */,
				76FCB6BC2B0E8F1100D1F2D1 /* CharacterModel.swift */,
			);
			path = RickAndMorty;
			sourceTree = "<group>";
		};
		76FCB69E2B0E780900D1F2D1 /* RickAndMortyTests */ = {
			isa = PBXGroup;
			children = (
				76FCB69F2B0E780900D1F2D1 /* RickAndMortyTests.swift */,
			);
			path = RickAndMortyTests;
			sourceTree = "<group>";
		};
		76FCB6A82B0E780900D1F2D1 /* RickAndMortyUITests */ = {
			isa = PBXGroup;
			children = (
				76FCB6A92B0E780900D1F2D1 /* RickAndMortyUITests.swift */,
				76FCB6AB2B0E780900D1F2D1 /* RickAndMortyUITestsLaunchTests.swift */,
			);
			path = RickAndMortyUITests;
			sourceTree = "<group>";
		};
		76FCB6C42B13A28200D1F2D1 /* Images */ = {
			isa = PBXGroup;
			children = (
				76FCB6C52B13A29000D1F2D1 /* rickAndMortyBackground.jpg */,
			);
			path = Images;
			sourceTree = "<group>";
		};
		76FCB6C72B13A55F00D1F2D1 /* Fonts */ = {
			isa = PBXGroup;
			children = (
				76FCB6C92B13AA3C00D1F2D1 /* get_schwifty.ttf */,
			);
			path = Fonts;
			sourceTree = "<group>";
		};
		76FCB6CB2B13D8F700D1F2D1 /* Frameworks */ = {
			isa = PBXGroup;
			children = (
				76FCB6CC2B13D8F700D1F2D1 /* Kingfisher.xcframework */,
			);
			name = Frameworks;
			sourceTree = "<group>";
		};
/* End PBXGroup section */

/* Begin PBXNativeTarget section */
		76FCB6842B0E780800D1F2D1 /* RickAndMorty */ = {
			isa = PBXNativeTarget;
			buildConfigurationList = 76FCB6AF2B0E780900D1F2D1 /* Build configuration list for PBXNativeTarget "RickAndMorty" */;
			buildPhases = (
				76FCB6812B0E780800D1F2D1 /* Sources */,
				76FCB6822B0E780800D1F2D1 /* Frameworks */,
				76FCB6832B0E780800D1F2D1 /* Resources */,
				76FCB6CF2B13D8F700D1F2D1 /* Embed Frameworks */,
			);
			buildRules = (
			);
			dependencies = (
			);
			name = RickAndMorty;
			productName = RickAndMorty;
			productReference = 76FCB6852B0E780800D1F2D1 /* RickAndMorty.app */;
			productType = "com.apple.product-type.application";
		};
		76FCB69A2B0E780900D1F2D1 /* RickAndMortyTests */ = {
			isa = PBXNativeTarget;
			buildConfigurationList = 76FCB6B22B0E780900D1F2D1 /* Build configuration list for PBXNativeTarget "RickAndMortyTests" */;
			buildPhases = (
				76FCB6972B0E780900D1F2D1 /* Sources */,
				76FCB6982B0E780900D1F2D1 /* Frameworks */,
				76FCB6992B0E780900D1F2D1 /* Resources */,
			);
			buildRules = (
			);
			dependencies = (
				76FCB69D2B0E780900D1F2D1 /* PBXTargetDependency */,
			);
			name = RickAndMortyTests;
			productName = RickAndMortyTests;
			productReference = 76FCB69B2B0E780900D1F2D1 /* RickAndMortyTests.xctest */;
			productType = "com.apple.product-type.bundle.unit-test";
		};
		76FCB6A42B0E780900D1F2D1 /* RickAndMortyUITests */ = {
			isa = PBXNativeTarget;
			buildConfigurationList = 76FCB6B52B0E780900D1F2D1 /* Build configuration list for PBXNativeTarget "RickAndMortyUITests" */;
			buildPhases = (
				76FCB6A12B0E780900D1F2D1 /* Sources */,
				76FCB6A22B0E780900D1F2D1 /* Frameworks */,
				76FCB6A32B0E780900D1F2D1 /* Resources */,
			);
			buildRules = (
			);
			dependencies = (
				76FCB6A72B0E780900D1F2D1 /* PBXTargetDependency */,
			);
			name = RickAndMortyUITests;
			productName = RickAndMortyUITests;
			productReference = 76FCB6A52B0E780900D1F2D1 /* RickAndMortyUITests.xctest */;
			productType = "com.apple.product-type.bundle.ui-testing";
		};
/* End PBXNativeTarget section */

/* Begin PBXProject section */
		76FCB67D2B0E780800D1F2D1 /* Project object */ = {
			isa = PBXProject;
			attributes = {
				BuildIndependentTargetsInParallel = 1;
				LastSwiftUpdateCheck = 1430;
				LastUpgradeCheck = 1430;
				TargetAttributes = {
					76FCB6842B0E780800D1F2D1 = {
						CreatedOnToolsVersion = 14.3.1;
					};
					76FCB69A2B0E780900D1F2D1 = {
						CreatedOnToolsVersion = 14.3.1;
						TestTargetID = 76FCB6842B0E780800D1F2D1;
					};
					76FCB6A42B0E780900D1F2D1 = {
						CreatedOnToolsVersion = 14.3.1;
						TestTargetID = 76FCB6842B0E780800D1F2D1;
					};
				};
			};
			buildConfigurationList = 76FCB6802B0E780800D1F2D1 /* Build configuration list for PBXProject "RickAndMorty" */;
			compatibilityVersion = "Xcode 14.0";
			developmentRegion = en;
			hasScannedForEncodings = 0;
			knownRegions = (
				en,
				Base,
			);
			mainGroup = 76FCB67C2B0E780800D1F2D1;
			productRefGroup = 76FCB6862B0E780800D1F2D1 /* Products */;
			projectDirPath = "";
			projectRoot = "";
			targets = (
				76FCB6842B0E780800D1F2D1 /* RickAndMorty */,
				76FCB69A2B0E780900D1F2D1 /* RickAndMortyTests */,
				76FCB6A42B0E780900D1F2D1 /* RickAndMortyUITests */,
			);
		};
/* End PBXProject section */

/* Begin PBXResourcesBuildPhase section */
		76FCB6832B0E780800D1F2D1 /* Resources */ = {
			isa = PBXResourcesBuildPhase;
			buildActionMask = 2147483647;
			files = (
				76FCB6C62B13A29000D1F2D1 /* rickAndMortyBackground.jpg in Resources */,
				76FCB6CA2B13AA3C00D1F2D1 /* get_schwifty.ttf in Resources */,
				76FCB6952B0E780900D1F2D1 /* LaunchScreen.storyboard in Resources */,
				76FCB6922B0E780900D1F2D1 /* Assets.xcassets in Resources */,
				76FCB6902B0E780800D1F2D1 /* Main.storyboard in Resources */,
			);
			runOnlyForDeploymentPostprocessing = 0;
		};
		76FCB6992B0E780900D1F2D1 /* Resources */ = {
			isa = PBXResourcesBuildPhase;
			buildActionMask = 2147483647;
			files = (
			);
			runOnlyForDeploymentPostprocessing = 0;
		};
		76FCB6A32B0E780900D1F2D1 /* Resources */ = {
			isa = PBXResourcesBuildPhase;
			buildActionMask = 2147483647;
			files = (
			);
			runOnlyForDeploymentPostprocessing = 0;
		};
/* End PBXResourcesBuildPhase section */

/* Begin PBXSourcesBuildPhase section */
		76FCB6812B0E780800D1F2D1 /* Sources */ = {
			isa = PBXSourcesBuildPhase;
			buildActionMask = 2147483647;
			files = (
				76FCB68D2B0E780800D1F2D1 /* ViewController.swift in Sources */,
				76FCB6BD2B0E8F1100D1F2D1 /* CharacterModel.swift in Sources */,
				76FCB6892B0E780800D1F2D1 /* AppDelegate.swift in Sources */,
				76FCB6BB2B0E870400D1F2D1 /* cardCollectionCellCollectionViewCell.swift in Sources */,
				76FCB68B2B0E780800D1F2D1 /* SceneDelegate.swift in Sources */,
			);
			runOnlyForDeploymentPostprocessing = 0;
		};
		76FCB6972B0E780900D1F2D1 /* Sources */ = {
			isa = PBXSourcesBuildPhase;
			buildActionMask = 2147483647;
			files = (
				76FCB6A02B0E780900D1F2D1 /* RickAndMortyTests.swift in Sources */,
			);
			runOnlyForDeploymentPostprocessing = 0;
		};
		76FCB6A12B0E780900D1F2D1 /* Sources */ = {
			isa = PBXSourcesBuildPhase;
			buildActionMask = 2147483647;
			files = (
				76FCB6AA2B0E780900D1F2D1 /* RickAndMortyUITests.swift in Sources */,
				76FCB6AC2B0E780900D1F2D1 /* RickAndMortyUITestsLaunchTests.swift in Sources */,
			);
			runOnlyForDeploymentPostprocessing = 0;
		};
/* End PBXSourcesBuildPhase section */

/* Begin PBXTargetDependency section */
		76FCB69D2B0E780900D1F2D1 /* PBXTargetDependency */ = {
			isa = PBXTargetDependency;
			target = 76FCB6842B0E780800D1F2D1 /* RickAndMorty */;
			targetProxy = 76FCB69C2B0E780900D1F2D1 /* PBXContainerItemProxy */;
		};
		76FCB6A72B0E780900D1F2D1 /* PBXTargetDependency */ = {
			isa = PBXTargetDependency;
			target = 76FCB6842B0E780800D1F2D1 /* RickAndMorty */;
			targetProxy = 76FCB6A62B0E780900D1F2D1 /* PBXContainerItemProxy */;
		};
/* End PBXTargetDependency section */

/* Begin PBXVariantGroup section */
		76FCB68E2B0E780800D1F2D1 /* Main.storyboard */ = {
			isa = PBXVariantGroup;
			children = (
				76FCB68F2B0E780800D1F2D1 /* Base */,
			);
			name = Main.storyboard;
			sourceTree = "<group>";
		};
		76FCB6932B0E780900D1F2D1 /* LaunchScreen.storyboard */ = {
			isa = PBXVariantGroup;
			children = (
				76FCB6942B0E780900D1F2D1 /* Base */,
			);
			name = LaunchScreen.storyboard;
			sourceTree = "<group>";
		};
/* End PBXVariantGroup section */

/* Begin XCBuildConfiguration section */
		76FCB6AD2B0E780900D1F2D1 /* Debug */ = {
			isa = XCBuildConfiguration;
			buildSettings = {
				ALWAYS_SEARCH_USER_PATHS = NO;
				CLANG_ANALYZER_NONNULL = YES;
				CLANG_ANALYZER_NUMBER_OBJECT_CONVERSION = YES_AGGRESSIVE;
				CLANG_CXX_LANGUAGE_STANDARD = "gnu++20";
				CLANG_ENABLE_MODULES = YES;
				CLANG_ENABLE_OBJC_ARC = YES;
				CLANG_ENABLE_OBJC_WEAK = YES;
				CLANG_WARN_BLOCK_CAPTURE_AUTORELEASING = YES;
				CLANG_WARN_BOOL_CONVERSION = YES;
				CLANG_WARN_COMMA = YES;
				CLANG_WARN_CONSTANT_CONVERSION = YES;
				CLANG_WARN_DEPRECATED_OBJC_IMPLEMENTATIONS = YES;
				CLANG_WARN_DIRECT_OBJC_ISA_USAGE = YES_ERROR;
				CLANG_WARN_DOCUMENTATION_COMMENTS = YES;
				CLANG_WARN_EMPTY_BODY = YES;
				CLANG_WARN_ENUM_CONVERSION = YES;
				CLANG_WARN_INFINITE_RECURSION = YES;
				CLANG_WARN_INT_CONVERSION = YES;
				CLANG_WARN_NON_LITERAL_NULL_CONVERSION = YES;
				CLANG_WARN_OBJC_IMPLICIT_RETAIN_SELF = YES;
				CLANG_WARN_OBJC_LITERAL_CONVERSION = YES;
				CLANG_WARN_OBJC_ROOT_CLASS = YES_ERROR;
				CLANG_WARN_QUOTED_INCLUDE_IN_FRAMEWORK_HEADER = YES;
				CLANG_WARN_RANGE_LOOP_ANALYSIS = YES;
				CLANG_WARN_STRICT_PROTOTYPES = YES;
				CLANG_WARN_SUSPICIOUS_MOVE = YES;
				CLANG_WARN_UNGUARDED_AVAILABILITY = YES_AGGRESSIVE;
				CLANG_WARN_UNREACHABLE_CODE = YES;
				CLANG_WARN__DUPLICATE_METHOD_MATCH = YES;
				COPY_PHASE_STRIP = NO;
				DEBUG_INFORMATION_FORMAT = dwarf;
				ENABLE_STRICT_OBJC_MSGSEND = YES;
				ENABLE_TESTABILITY = YES;
				GCC_C_LANGUAGE_STANDARD = gnu11;
				GCC_DYNAMIC_NO_PIC = NO;
				GCC_NO_COMMON_BLOCKS = YES;
				GCC_OPTIMIZATION_LEVEL = 0;
				GCC_PREPROCESSOR_DEFINITIONS = (
					"DEBUG=1",
					"$(inherited)",
				);
				GCC_WARN_64_TO_32_BIT_CONVERSION = YES;
				GCC_WARN_ABOUT_RETURN_TYPE = YES_ERROR;
				GCC_WARN_UNDECLARED_SELECTOR = YES;
				GCC_WARN_UNINITIALIZED_AUTOS = YES_AGGRESSIVE;
				GCC_WARN_UNUSED_FUNCTION = YES;
				GCC_WARN_UNUSED_VARIABLE = YES;
				IPHONEOS_DEPLOYMENT_TARGET = 16.4;
				MTL_ENABLE_DEBUG_INFO = INCLUDE_SOURCE;
				MTL_FAST_MATH = YES;
				ONLY_ACTIVE_ARCH = YES;
				SDKROOT = iphoneos;
				SWIFT_ACTIVE_COMPILATION_CONDITIONS = DEBUG;
				SWIFT_OPTIMIZATION_LEVEL = "-Onone";
			};
			name = Debug;
		};
		76FCB6AE2B0E780900D1F2D1 /* Release */ = {
			isa = XCBuildConfiguration;
			buildSettings = {
				ALWAYS_SEARCH_USER_PATHS = NO;
				CLANG_ANALYZER_NONNULL = YES;
				CLANG_ANALYZER_NUMBER_OBJECT_CONVERSION = YES_AGGRESSIVE;
				CLANG_CXX_LANGUAGE_STANDARD = "gnu++20";
				CLANG_ENABLE_MODULES = YES;
				CLANG_ENABLE_OBJC_ARC = YES;
				CLANG_ENABLE_OBJC_WEAK = YES;
				CLANG_WARN_BLOCK_CAPTURE_AUTORELEASING = YES;
				CLANG_WARN_BOOL_CONVERSION = YES;
				CLANG_WARN_COMMA = YES;
				CLANG_WARN_CONSTANT_CONVERSION = YES;
				CLANG_WARN_DEPRECATED_OBJC_IMPLEMENTATIONS = YES;
				CLANG_WARN_DIRECT_OBJC_ISA_USAGE = YES_ERROR;
				CLANG_WARN_DOCUMENTATION_COMMENTS = YES;
				CLANG_WARN_EMPTY_BODY = YES;
				CLANG_WARN_ENUM_CONVERSION = YES;
				CLANG_WARN_INFINITE_RECURSION = YES;
				CLANG_WARN_INT_CONVERSION = YES;
				CLANG_WARN_NON_LITERAL_NULL_CONVERSION = YES;
				CLANG_WARN_OBJC_IMPLICIT_RETAIN_SELF = YES;
				CLANG_WARN_OBJC_LITERAL_CONVERSION = YES;
				CLANG_WARN_OBJC_ROOT_CLASS = YES_ERROR;
				CLANG_WARN_QUOTED_INCLUDE_IN_FRAMEWORK_HEADER = YES;
				CLANG_WARN_RANGE_LOOP_ANALYSIS = YES;
				CLANG_WARN_STRICT_PROTOTYPES = YES;
				CLANG_WARN_SUSPICIOUS_MOVE = YES;
				CLANG_WARN_UNGUARDED_AVAILABILITY = YES_AGGRESSIVE;
				CLANG_WARN_UNREACHABLE_CODE = YES;
				CLANG_WARN__DUPLICATE_METHOD_MATCH = YES;
				COPY_PHASE_STRIP = NO;
				DEBUG_INFORMATION_FORMAT = "dwarf-with-dsym";
				ENABLE_NS_ASSERTIONS = NO;
				ENABLE_STRICT_OBJC_MSGSEND = YES;
				GCC_C_LANGUAGE_STANDARD = gnu11;
				GCC_NO_COMMON_BLOCKS = YES;
				GCC_WARN_64_TO_32_BIT_CONVERSION = YES;
				GCC_WARN_ABOUT_RETURN_TYPE = YES_ERROR;
				GCC_WARN_UNDECLARED_SELECTOR = YES;
				GCC_WARN_UNINITIALIZED_AUTOS = YES_AGGRESSIVE;
				GCC_WARN_UNUSED_FUNCTION = YES;
				GCC_WARN_UNUSED_VARIABLE = YES;
				IPHONEOS_DEPLOYMENT_TARGET = 16.4;
				MTL_ENABLE_DEBUG_INFO = NO;
				MTL_FAST_MATH = YES;
				SDKROOT = iphoneos;
				SWIFT_COMPILATION_MODE = wholemodule;
				SWIFT_OPTIMIZATION_LEVEL = "-O";
				VALIDATE_PRODUCT = YES;
			};
			name = Release;
		};
		76FCB6B02B0E780900D1F2D1 /* Debug */ = {
			isa = XCBuildConfiguration;
			buildSettings = {
				ASSETCATALOG_COMPILER_APPICON_NAME = AppIcon;
				ASSETCATALOG_COMPILER_GLOBAL_ACCENT_COLOR_NAME = AccentColor;
				CODE_SIGN_STYLE = Automatic;
				CURRENT_PROJECT_VERSION = 1;
				DEVELOPMENT_TEAM = K5K98CUL87;
				GENERATE_INFOPLIST_FILE = YES;
				INFOPLIST_FILE = RickAndMorty/Info.plist;
				INFOPLIST_KEY_UIApplicationSupportsIndirectInputEvents = YES;
				INFOPLIST_KEY_UILaunchStoryboardName = LaunchScreen;
				INFOPLIST_KEY_UIMainStoryboardFile = Main;
				INFOPLIST_KEY_UISupportedInterfaceOrientations_iPad = "UIInterfaceOrientationPortrait UIInterfaceOrientationPortraitUpsideDown UIInterfaceOrientationLandscapeLeft UIInterfaceOrientationLandscapeRight";
				INFOPLIST_KEY_UISupportedInterfaceOrientations_iPhone = "UIInterfaceOrientationPortrait UIInterfaceOrientationLandscapeLeft UIInterfaceOrientationLandscapeRight";
				LD_RUNPATH_SEARCH_PATHS = (
					"$(inherited)",
					"@executable_path/Frameworks",
				);
				MARKETING_VERSION = 1.0;
				PRODUCT_BUNDLE_IDENTIFIER = ismail.krks.RickAndMorty;
				PRODUCT_NAME = "$(TARGET_NAME)";
				SWIFT_EMIT_LOC_STRINGS = YES;
				SWIFT_VERSION = 5.0;
				TARGETED_DEVICE_FAMILY = "1,2";
			};
			name = Debug;
		};
		76FCB6B12B0E780900D1F2D1 /* Release */ = {
			isa = XCBuildConfiguration;
			buildSettings = {
				ASSETCATALOG_COMPILER_APPICON_NAME = AppIcon;
				ASSETCATALOG_COMPILER_GLOBAL_ACCENT_COLOR_NAME = AccentColor;
				CODE_SIGN_STYLE = Automatic;
				CURRENT_PROJECT_VERSION = 1;
				DEVELOPMENT_TEAM = K5K98CUL87;
				GENERATE_INFOPLIST_FILE = YES;
				INFOPLIST_FILE = RickAndMorty/Info.plist;
				INFOPLIST_KEY_UIApplicationSupportsIndirectInputEvents = YES;
				INFOPLIST_KEY_UILaunchStoryboardName = LaunchScreen;
				INFOPLIST_KEY_UIMainStoryboardFile = Main;
				INFOPLIST_KEY_UISupportedInterfaceOrientations_iPad = "UIInterfaceOrientationPortrait UIInterfaceOrientationPortraitUpsideDown UIInterfaceOrientationLandscapeLeft UIInterfaceOrientationLandscapeRight";
				INFOPLIST_KEY_UISupportedInterfaceOrientations_iPhone = "UIInterfaceOrientationPortrait UIInterfaceOrientationLandscapeLeft UIInterfaceOrientationLandscapeRight";
				LD_RUNPATH_SEARCH_PATHS = (
					"$(inherited)",
					"@executable_path/Frameworks",
				);
				MARKETING_VERSION = 1.0;
				PRODUCT_BUNDLE_IDENTIFIER = ismail.krks.RickAndMorty;
				PRODUCT_NAME = "$(TARGET_NAME)";
				SWIFT_EMIT_LOC_STRINGS = YES;
				SWIFT_VERSION = 5.0;
				TARGETED_DEVICE_FAMILY = "1,2";
			};
			name = Release;
		};
		76FCB6B32B0E780900D1F2D1 /* Debug */ = {
			isa = XCBuildConfiguration;
			buildSettings = {
				ALWAYS_EMBED_SWIFT_STANDARD_LIBRARIES = YES;
				BUNDLE_LOADER = "$(TEST_HOST)";
				CODE_SIGN_STYLE = Automatic;
				CURRENT_PROJECT_VERSION = 1;
				GENERATE_INFOPLIST_FILE = YES;
				IPHONEOS_DEPLOYMENT_TARGET = 16.4;
				MARKETING_VERSION = 1.0;
				PRODUCT_BUNDLE_IDENTIFIER = ismail.krks.RickAndMortyTests;
				PRODUCT_NAME = "$(TARGET_NAME)";
				SWIFT_EMIT_LOC_STRINGS = NO;
				SWIFT_VERSION = 5.0;
				TARGETED_DEVICE_FAMILY = "1,2";
				TEST_HOST = "$(BUILT_PRODUCTS_DIR)/RickAndMorty.app/$(BUNDLE_EXECUTABLE_FOLDER_PATH)/RickAndMorty";
			};
			name = Debug;
		};
		76FCB6B42B0E780900D1F2D1 /* Release */ = {
			isa = XCBuildConfiguration;
			buildSettings = {
				ALWAYS_EMBED_SWIFT_STANDARD_LIBRARIES = YES;
				BUNDLE_LOADER = "$(TEST_HOST)";
				CODE_SIGN_STYLE = Automatic;
				CURRENT_PROJECT_VERSION = 1;
				GENERATE_INFOPLIST_FILE = YES;
				IPHONEOS_DEPLOYMENT_TARGET = 16.4;
				MARKETING_VERSION = 1.0;
				PRODUCT_BUNDLE_IDENTIFIER = ismail.krks.RickAndMortyTests;
				PRODUCT_NAME = "$(TARGET_NAME)";
				SWIFT_EMIT_LOC_STRINGS = NO;
				SWIFT_VERSION = 5.0;
				TARGETED_DEVICE_FAMILY = "1,2";
				TEST_HOST = "$(BUILT_PRODUCTS_DIR)/RickAndMorty.app/$(BUNDLE_EXECUTABLE_FOLDER_PATH)/RickAndMorty";
			};
			name = Release;
		};
		76FCB6B62B0E780900D1F2D1 /* Debug */ = {
			isa = XCBuildConfiguration;
			buildSettings = {
				ALWAYS_EMBED_SWIFT_STANDARD_LIBRARIES = YES;
				CODE_SIGN_STYLE = Automatic;
				CURRENT_PROJECT_VERSION = 1;
				GENERATE_INFOPLIST_FILE = YES;
				MARKETING_VERSION = 1.0;
				PRODUCT_BUNDLE_IDENTIFIER = ismail.krks.RickAndMortyUITests;
				PRODUCT_NAME = "$(TARGET_NAME)";
				SWIFT_EMIT_LOC_STRINGS = NO;
				SWIFT_VERSION = 5.0;
				TARGETED_DEVICE_FAMILY = "1,2";
				TEST_TARGET_NAME = RickAndMorty;
			};
			name = Debug;
		};
		76FCB6B72B0E780900D1F2D1 /* Release */ = {
			isa = XCBuildConfiguration;
			buildSettings = {
				ALWAYS_EMBED_SWIFT_STANDARD_LIBRARIES = YES;
				CODE_SIGN_STYLE = Automatic;
				CURRENT_PROJECT_VERSION = 1;
				GENERATE_INFOPLIST_FILE = YES;
				MARKETING_VERSION = 1.0;
				PRODUCT_BUNDLE_IDENTIFIER = ismail.krks.RickAndMortyUITests;
				PRODUCT_NAME = "$(TARGET_NAME)";
				SWIFT_EMIT_LOC_STRINGS = NO;
				SWIFT_VERSION = 5.0;
				TARGETED_DEVICE_FAMILY = "1,2";
				TEST_TARGET_NAME = RickAndMorty;
			};
			name = Release;
		};
/* End XCBuildConfiguration section */

/* Begin XCConfigurationList section */
		76FCB6802B0E780800D1F2D1 /* Build configuration list for PBXProject "RickAndMorty" */ = {
			isa = XCConfigurationList;
			buildConfigurations = (
				76FCB6AD2B0E780900D1F2D1 /* Debug */,
				76FCB6AE2B0E780900D1F2D1 /* Release */,
			);
			defaultConfigurationIsVisible = 0;
			defaultConfigurationName = Release;
		};
		76FCB6AF2B0E780900D1F2D1 /* Build configuration list for PBXNativeTarget "RickAndMorty" */ = {
			isa = XCConfigurationList;
			buildConfigurations = (
				76FCB6B02B0E780900D1F2D1 /* Debug */,
				76FCB6B12B0E780900D1F2D1 /* Release */,
			);
			defaultConfigurationIsVisible = 0;
			defaultConfigurationName = Release;
		};
		76FCB6B22B0E780900D1F2D1 /* Build configuration list for PBXNativeTarget "RickAndMortyTests" */ = {
			isa = XCConfigurationList;
			buildConfigurations = (
				76FCB6B32B0E780900D1F2D1 /* Debug */,
				76FCB6B42B0E780900D1F2D1 /* Release */,
			);
			defaultConfigurationIsVisible = 0;
			defaultConfigurationName = Release;
		};
		76FCB6B52B0E780900D1F2D1 /* Build configuration list for PBXNativeTarget "RickAndMortyUITests" */ = {
			isa = XCConfigurationList;
			buildConfigurations = (
				76FCB6B62B0E780900D1F2D1 /* Debug */,
				76FCB6B72B0E780900D1F2D1 /* Release */,
			);
			defaultConfigurationIsVisible = 0;
			defaultConfigurationName = Release;
		};
/* End XCConfigurationList section */
	};
	rootObject = 76FCB67D2B0E780800D1F2D1 /* Project object */;
}
